
Microsoft Visual Studio Solution File, Format Version 12.00
# Visual Studio 15
VisualStudioVersion = 15.0.28010.2048
MinimumVisualStudioVersion = 10.0.40219.1
Project("{FAE04EC0-301F-11D3-BF4B-00C04F79EFBC}") = "SirketOtomasyonu", "SirketOtomasyonu\SirketOtomasyonu.csproj", "{56020E6F-FF20-4775-BF6E-580553C52C4B}"
EndProject
Global
	GlobalSection(SolutionConfigurationPlatforms) = preSolution
		Debug|Any CPU = Debug|Any CPU
		Release|Any CPU = Release|Any CPU
	EndGlobalSection
	GlobalSection(ProjectConfigurationPlatforms) = postSolution
		{56020E6F-FF20-4775-BF6E-580553C52C4B}.Debug|Any CPU.ActiveCfg = Debug|Any CPU
		{56020E6F-FF20-4775-BF6E-580553C52C4B}.Debug|Any CPU.Build.0 = Debug|Any CPU
		{56020E6F-FF20-4775-BF6E-580553C52C4B}.Release|Any CPU.ActiveCfg = Release|Any CPU
		{56020E6F-FF20-4775-BF6E-580553C52C4B}.Release|Any CPU.Build.0 = Release|Any CPU
	EndGlobalSection
	GlobalSection(SolutionProperties) = preSolution
		HideSolutionNode = FALSE
	EndGlobalSection
	GlobalSection(ExtensibilityGlobals) = postSolution
		SolutionGuid = {ECF14E69-4318-42AE-89F5-D27E25039AAA}
	EndGlobalSection
EndGlobal
